
Microsoft Visual Studio Solution File, Format Version 12.00
# Visual Studio Version 16
VisualStudioVersion = 16.0.34729.46
MinimumVisualStudioVersion = 10.0.40219.1
Project("{FAE04EC0-301F-11D3-BF4B-00C04F79EFBC}") = "InputAssignment", "InputAssignment\InputAssignment.csproj", "{C90DB8DE-909A-4CEB-A4C1-6D9D037ABD03}"
EndProject
Global
	GlobalSection(SolutionConfigurationPlatforms) = preSolution
		Debug|Any CPU = Debug|Any CPU
		Release|Any CPU = Release|Any CPU
	EndGlobalSection
	GlobalSection(ProjectConfigurationPlatforms) = postSolution
		{C90DB8DE-909A-4CEB-A4C1-6D9D037ABD03}.Debug|Any CPU.ActiveCfg = Debug|Any CPU
		{C90DB8DE-909A-4CEB-A4C1-6D9D037ABD03}.Debug|Any CPU.Build.0 = Debug|Any CPU
		{C90DB8DE-909A-4CEB-A4C1-6D9D037ABD03}.Release|Any CPU.ActiveCfg = Release|Any CPU
		{C90DB8DE-909A-4CEB-A4C1-6D9D037ABD03}.Release|Any CPU.Build.0 = Release|Any CPU
	EndGlobalSection
	GlobalSection(SolutionProperties) = preSolution
		HideSolutionNode = FALSE
	EndGlobalSection
	GlobalSection(ExtensibilityGlobals) = postSolution
		SolutionGuid = {E4347971-8CAE-463F-8D89-76401FEBC49B}
	EndGlobalSection
EndGlobal
